
Microsoft Visual Studio Solution File, Format Version 12.00
# Visual Studio Version 16
VisualStudioVersion = 16.0.33801.447
MinimumVisualStudioVersion = 10.0.40219.1
Project("{FAE04EC0-301F-11D3-BF4B-00C04F79EFBC}") = "Rationnel", "Rationnel\Rationnel.csproj", "{9DFB1A0E-6E93-45D0-BEF3-9D2DDB48C373}"
EndProject
Project("{FAE04EC0-301F-11D3-BF4B-00C04F79EFBC}") = "TestRationnel", "TestRationnel\TestRationnel.csproj", "{FF96BF45-F5DC-4EDD-9531-F97BA0B37C73}"
EndProject
Project("{FAE04EC0-301F-11D3-BF4B-00C04F79EFBC}") = "WpfTestRationnel", "WpfTestRationnel\WpfTestRationnel.csproj", "{4935F562-9780-4270-BE36-5C6F281A3282}"
EndProject
Global
	GlobalSection(SolutionConfigurationPlatforms) = preSolution
		Debug|Any CPU = Debug|Any CPU
		Release|Any CPU = Release|Any CPU
	EndGlobalSection
	GlobalSection(ProjectConfigurationPlatforms) = postSolution
		{9DFB1A0E-6E93-45D0-BEF3-9D2DDB48C373}.Debug|Any CPU.ActiveCfg = Debug|Any CPU
		{9DFB1A0E-6E93-45D0-BEF3-9D2DDB48C373}.Debug|Any CPU.Build.0 = Debug|Any CPU
		{9DFB1A0E-6E93-45D0-BEF3-9D2DDB48C373}.Release|Any CPU.ActiveCfg = Release|Any CPU
		{9DFB1A0E-6E93-45D0-BEF3-9D2DDB48C373}.Release|Any CPU.Build.0 = Release|Any CPU
		{FF96BF45-F5DC-4EDD-9531-F97BA0B37C73}.Debug|Any CPU.ActiveCfg = Debug|Any CPU
		{FF96BF45-F5DC-4EDD-9531-F97BA0B37C73}.Debug|Any CPU.Build.0 = Debug|Any CPU
		{FF96BF45-F5DC-4EDD-9531-F97BA0B37C73}.Release|Any CPU.ActiveCfg = Release|Any CPU
		{FF96BF45-F5DC-4EDD-9531-F97BA0B37C73}.Release|Any CPU.Build.0 = Release|Any CPU
		{4935F562-9780-4270-BE36-5C6F281A3282}.Debug|Any CPU.ActiveCfg = Debug|Any CPU
		{4935F562-9780-4270-BE36-5C6F281A3282}.Debug|Any CPU.Build.0 = Debug|Any CPU
		{4935F562-9780-4270-BE36-5C6F281A3282}.Release|Any CPU.ActiveCfg = Release|Any CPU
		{4935F562-9780-4270-BE36-5C6F281A3282}.Release|Any CPU.Build.0 = Release|Any CPU
	EndGlobalSection
	GlobalSection(SolutionProperties) = preSolution
		HideSolutionNode = FALSE
	EndGlobalSection
	GlobalSection(ExtensibilityGlobals) = postSolution
		SolutionGuid = {DFBFEEBF-5F26-4162-B80F-D05807EEF51F}
	EndGlobalSection
EndGlobal
